
Microsoft Visual Studio Solution File, Format Version 12.00
# Visual Studio 15
VisualStudioVersion = 15.0.27428.2043
MinimumVisualStudioVersion = 10.0.40219.1
Project("{FAE04EC0-301F-11D3-BF4B-00C04F79EFBC}") = "domainName", "domainName\domainName.csproj", "{1C40AAA8-2FF6-40B8-B463-DECB5E3C3EBD}"
EndProject
Global
	GlobalSection(SolutionConfigurationPlatforms) = preSolution
		Debug|Any CPU = Debug|Any CPU
		Release|Any CPU = Release|Any CPU
	EndGlobalSection
	GlobalSection(ProjectConfigurationPlatforms) = postSolution
		{1C40AAA8-2FF6-40B8-B463-DECB5E3C3EBD}.Debug|Any CPU.ActiveCfg = Debug|Any CPU
		{1C40AAA8-2FF6-40B8-B463-DECB5E3C3EBD}.Debug|Any CPU.Build.0 = Debug|Any CPU
		{1C40AAA8-2FF6-40B8-B463-DECB5E3C3EBD}.Release|Any CPU.ActiveCfg = Release|Any CPU
		{1C40AAA8-2FF6-40B8-B463-DECB5E3C3EBD}.Release|Any CPU.Build.0 = Release|Any CPU
	EndGlobalSection
	GlobalSection(SolutionProperties) = preSolution
		HideSolutionNode = FALSE
	EndGlobalSection
	GlobalSection(ExtensibilityGlobals) = postSolution
		SolutionGuid = {14E21305-D880-456A-93ED-258ED8B9C541}
	EndGlobalSection
EndGlobal
